
Microsoft Visual Studio Solution File, Format Version 12.00
# Visual Studio Version 17
VisualStudioVersion = 17.7.34031.279
MinimumVisualStudioVersion = 10.0.40219.1
Project("{FAE04EC0-301F-11D3-BF4B-00C04F79EFBC}") = "Abstract", "Abstract\Abstract.csproj", "{AE9CF651-C12C-4ED1-BB50-7913E9D454FE}"
EndProject
Project("{FAE04EC0-301F-11D3-BF4B-00C04F79EFBC}") = "Interface", "Interface\Interface.csproj", "{54A5FA27-4FFF-4585-AC7C-7F03BFBC0AF5}"
EndProject
Global
	GlobalSection(SolutionConfigurationPlatforms) = preSolution
		Debug|Any CPU = Debug|Any CPU
		Release|Any CPU = Release|Any CPU
	EndGlobalSection
	GlobalSection(ProjectConfigurationPlatforms) = postSolution
		{AE9CF651-C12C-4ED1-BB50-7913E9D454FE}.Debug|Any CPU.ActiveCfg = Debug|Any CPU
		{AE9CF651-C12C-4ED1-BB50-7913E9D454FE}.Debug|Any CPU.Build.0 = Debug|Any CPU
		{AE9CF651-C12C-4ED1-BB50-7913E9D454FE}.Release|Any CPU.ActiveCfg = Release|Any CPU
		{AE9CF651-C12C-4ED1-BB50-7913E9D454FE}.Release|Any CPU.Build.0 = Release|Any CPU
		{54A5FA27-4FFF-4585-AC7C-7F03BFBC0AF5}.Debug|Any CPU.ActiveCfg = Debug|Any CPU
		{54A5FA27-4FFF-4585-AC7C-7F03BFBC0AF5}.Debug|Any CPU.Build.0 = Debug|Any CPU
		{54A5FA27-4FFF-4585-AC7C-7F03BFBC0AF5}.Release|Any CPU.ActiveCfg = Release|Any CPU
		{54A5FA27-4FFF-4585-AC7C-7F03BFBC0AF5}.Release|Any CPU.Build.0 = Release|Any CPU
	EndGlobalSection
	GlobalSection(SolutionProperties) = preSolution
		HideSolutionNode = FALSE
	EndGlobalSection
	GlobalSection(ExtensibilityGlobals) = postSolution
		SolutionGuid = {4E21B6C4-DB34-4868-9032-AC351E2346D0}
	EndGlobalSection
EndGlobal
